
Microsoft Visual Studio Solution File, Format Version 12.00
# Visual Studio 14
VisualStudioVersion = 14.0.24720.0
MinimumVisualStudioVersion = 10.0.40219.1
Project("{FAE04EC0-301F-11D3-BF4B-00C04F79EFBC}") = "ColourGeneration", "ColourGeneration\ColourGeneration.csproj", "{2CBC0BDF-FA36-4F60-B6FF-2A5662E56FD4}"
EndProject
Project("{FAE04EC0-301F-11D3-BF4B-00C04F79EFBC}") = "ColorGenerationTests", "ColorGenerationTests\ColorGenerationTests.csproj", "{E2AA19AC-EC74-4C48-AC1E-E3F8CE83CD05}"
EndProject
Global
	GlobalSection(SolutionConfigurationPlatforms) = preSolution
		Debug|Any CPU = Debug|Any CPU
		Release|Any CPU = Release|Any CPU
	EndGlobalSection
	GlobalSection(ProjectConfigurationPlatforms) = postSolution
		{2CBC0BDF-FA36-4F60-B6FF-2A5662E56FD4}.Debug|Any CPU.ActiveCfg = Debug|Any CPU
		{2CBC0BDF-FA36-4F60-B6FF-2A5662E56FD4}.Debug|Any CPU.Build.0 = Debug|Any CPU
		{2CBC0BDF-FA36-4F60-B6FF-2A5662E56FD4}.Release|Any CPU.ActiveCfg = Release|Any CPU
		{2CBC0BDF-FA36-4F60-B6FF-2A5662E56FD4}.Release|Any CPU.Build.0 = Release|Any CPU
		{E2AA19AC-EC74-4C48-AC1E-E3F8CE83CD05}.Debug|Any CPU.ActiveCfg = Debug|Any CPU
		{E2AA19AC-EC74-4C48-AC1E-E3F8CE83CD05}.Debug|Any CPU.Build.0 = Debug|Any CPU
		{E2AA19AC-EC74-4C48-AC1E-E3F8CE83CD05}.Release|Any CPU.ActiveCfg = Release|Any CPU
		{E2AA19AC-EC74-4C48-AC1E-E3F8CE83CD05}.Release|Any CPU.Build.0 = Release|Any CPU
	EndGlobalSection
	GlobalSection(SolutionProperties) = preSolution
		HideSolutionNode = FALSE
	EndGlobalSection
EndGlobal
